// !$*UTF8*$!
{
	archiveVersion = 1;
	classes = {
	};
	objectVersion = 50;
	objects = {

/* Begin PBXBuildFile section */
		E4B28DC425E436960025131D /* HydrationApp.swift in Sources */ = {isa = PBXBuildFile; fileRef = E4B28DB125E436940025131D /* HydrationApp.swift */; };
		E4B28DC525E436960025131D /* HydrationApp.swift in Sources */ = {isa = PBXBuildFile; fileRef = E4B28DB125E436940025131D /* HydrationApp.swift */; };
		E4B28DC625E436960025131D /* ContentView.swift in Sources */ = {isa = PBXBuildFile; fileRef = E4B28DB225E436940025131D /* ContentView.swift */; };
		E4B28DC725E436960025131D /* ContentView.swift in Sources */ = {isa = PBXBuildFile; fileRef = E4B28DB225E436940025131D /* ContentView.swift */; };
		E4B28DC825E436960025131D /* Assets.xcassets in Resources */ = {isa = PBXBuildFile; fileRef = E4B28DB325E436960025131D /* Assets.xcassets */; };
		E4B28DC925E436960025131D /* Assets.xcassets in Resources */ = {isa = PBXBuildFile; fileRef = E4B28DB325E436960025131D /* Assets.xcassets */; };
/* End PBXBuildFile section */

/* Begin PBXFileReference section */
		E4B28DB125E436940025131D /* HydrationApp.swift */ = {isa = PBXFileReference; lastKnownFileType = sourcecode.swift; path = HydrationApp.swift; sourceTree = "<group>"; };
		E4B28DB225E436940025131D /* ContentView.swift */ = {isa = PBXFileReference; lastKnownFileType = sourcecode.swift; path = ContentView.swift; sourceTree = "<group>"; };
		E4B28DB325E436960025131D /* Assets.xcassets */ = {isa = PBXFileReference; lastKnownFileType = folder.assetcatalog; path = Assets.xcassets; sourceTree = "<group>"; };
		E4B28DB825E436960025131D /* Hydration.app */ = {isa = PBXFileReference; explicitFileType = wrapper.application; includeInIndex = 0; path = Hydration.app; sourceTree = BUILT_PRODUCTS_DIR; };
		E4B28DBB25E436960025131D /* Info.plist */ = {isa = PBXFileReference; lastKnownFileType = text.plist.xml; path = Info.plist; sourceTree = "<group>"; };
		E4B28DC025E436960025131D /* Hydration.app */ = {isa = PBXFileReference; explicitFileType = wrapper.application; includeInIndex = 0; path = Hydration.app; sourceTree = BUILT_PRODUCTS_DIR; };
		E4B28DC225E436960025131D /* Info.plist */ = {isa = PBXFileReference; lastKnownFileType = text.plist.xml; path = Info.plist; sourceTree = "<group>"; };
		E4B28DC325E436960025131D /* macOS.entitlements */ = {isa = PBXFileReference; lastKnownFileType = text.plist.entitlements; path = macOS.entitlements; sourceTree = "<group>"; };
/* End PBXFileReference section */

/* Begin PBXFrameworksBuildPhase section */
		E4B28DB525E436960025131D /* Frameworks */ = {
			isa = PBXFrameworksBuildPhase;
			buildActionMask = 2147483647;
			files = (
			);
			runOnlyForDeploymentPostprocessing = 0;
		};
		E4B28DBD25E436960025131D /* Frameworks */ = {
			isa = PBXFrameworksBuildPhase;
			buildActionMask = 2147483647;
			files = (
			);
			runOnlyForDeploymentPostprocessing = 0;
		};
/* End PBXFrameworksBuildPhase section */

/* Begin PBXGroup section */
		E4B28DAB25E436940025131D = {
			isa = PBXGroup;
			children = (
				E4B28DB025E436940025131D /* Shared */,
				E4B28DBA25E436960025131D /* iOS */,
				E4B28DC125E436960025131D /* macOS */,
				E4B28DB925E436960025131D /* Products */,
			);
			sourceTree = "<group>";
		};
		E4B28DB025E436940025131D /* Shared */ = {
			isa = PBXGroup;
			children = (
				E4B28DB125E436940025131D /* HydrationApp.swift */,
				E4B28DB225E436940025131D /* ContentView.swift */,
				E4B28DB325E436960025131D /* Assets.xcassets */,
			);
			path = Shared;
			sourceTree = "<group>";
		};
		E4B28DB925E436960025131D /* Products */ = {
			isa = PBXGroup;
			children = (
				E4B28DB825E436960025131D /* Hydration.app */,
				E4B28DC025E436960025131D /* Hydration.app */,
			);
			name = Products;
			sourceTree = "<group>";
		};
		E4B28DBA25E436960025131D /* iOS */ = {
			isa = PBXGroup;
			children = (
				E4B28DBB25E436960025131D /* Info.plist */,
			);
			path = iOS;
			sourceTree = "<group>";
		};
		E4B28DC125E436960025131D /* macOS */ = {
			isa = PBXGroup;
			children = (
				E4B28DC225E436960025131D /* Info.plist */,
				E4B28DC325E436960025131D /* macOS.entitlements */,
			);
			path = macOS;
			sourceTree = "<group>";
		};
/* End PBXGroup section */

/* Begin PBXNativeTarget section */
		E4B28DB725E436960025131D /* Hydration (iOS) */ = {
			isa = PBXNativeTarget;
			buildConfigurationList = E4B28DCC25E436960025131D /* Build configuration list for PBXNativeTarget "Hydration (iOS)" */;
			buildPhases = (
				E4B28DB425E436960025131D /* Sources */,
				E4B28DB525E436960025131D /* Frameworks */,
				E4B28DB625E436960025131D /* Resources */,
			);
			buildRules = (
			);
			dependencies = (
			);
			name = "Hydration (iOS)";
			productName = "Hydration (iOS)";
			productReference = E4B28DB825E436960025131D /* Hydration.app */;
			productType = "com.apple.product-type.application";
		};
		E4B28DBF25E436960025131D /* Hydration (macOS) */ = {
			isa = PBXNativeTarget;
			buildConfigurationList = E4B28DCF25E436960025131D /* Build configuration list for PBXNativeTarget "Hydration (macOS)" */;
			buildPhases = (
				E4B28DBC25E436960025131D /* Sources */,
				E4B28DBD25E436960025131D /* Frameworks */,
				E4B28DBE25E436960025131D /* Resources */,
			);
			buildRules = (
			);
			dependencies = (
			);
			name = "Hydration (macOS)";
			productName = "Hydration (macOS)";
			productReference = E4B28DC025E436960025131D /* Hydration.app */;
			productType = "com.apple.product-type.application";
		};
/* End PBXNativeTarget section */

/* Begin PBXProject section */
		E4B28DAC25E436940025131D /* Project object */ = {
			isa = PBXProject;
			attributes = {
				LastSwiftUpdateCheck = 1240;
				LastUpgradeCheck = 1240;
				TargetAttributes = {
					E4B28DB725E436960025131D = {
						CreatedOnToolsVersion = 12.4;
					};
					E4B28DBF25E436960025131D = {
						CreatedOnToolsVersion = 12.4;
					};
				};
			};
			buildConfigurationList = E4B28DAF25E436940025131D /* Build configuration list for PBXProject "Hydration" */;
			compatibilityVersion = "Xcode 9.3";
			developmentRegion = en;
			hasScannedForEncodings = 0;
			knownRegions = (
				en,
				Base,
			);
			mainGroup = E4B28DAB25E436940025131D;
			productRefGroup = E4B28DB925E436960025131D /* Products */;
			projectDirPath = "";
			projectRoot = "";
			targets = (
				E4B28DB725E436960025131D /* Hydration (iOS) */,
				E4B28DBF25E436960025131D /* Hydration (macOS) */,
			);
		};
/* End PBXProject section */

/* Begin PBXResourcesBuildPhase section */
		E4B28DB625E436960025131D /* Resources */ = {
			isa = PBXResourcesBuildPhase;
			buildActionMask = 2147483647;
			files = (
				E4B28DC825E436960025131D /* Assets.xcassets in Resources */,
			);
			runOnlyForDeploymentPostprocessing = 0;
		};
		E4B28DBE25E436960025131D /* Resources */ = {
			isa = PBXResourcesBuildPhase;
			buildActionMask = 2147483647;
			files = (
				E4B28DC925E436960025131D /* Assets.xcassets in Resources */,
			);
			runOnlyForDeploymentPostprocessing = 0;
		};
/* End PBXResourcesBuildPhase section */

/* Begin PBXSourcesBuildPhase section */
		E4B28DB425E436960025131D /* Sources */ = {
			isa = PBXSourcesBuildPhase;
			buildActionMask = 2147483647;
			files = (
				E4B28DC625E436960025131D /* ContentView.swift in Sources */,
				E4B28DC425E436960025131D /* HydrationApp.swift in Sources */,
			);
			runOnlyForDeploymentPostprocessing = 0;
		};
		E4B28DBC25E436960025131D /* Sources */ = {
			isa = PBXSourcesBuildPhase;
			buildActionMask = 2147483647;
			files = (
				E4B28DC725E436960025131D /* ContentView.swift in Sources */,
				E4B28DC525E436960025131D /* HydrationApp.swift in Sources */,
			);
			runOnlyForDeploymentPostprocessing = 0;
		};
/* End PBXSourcesBuildPhase section */

/* Begin XCBuildConfiguration section */
		E4B28DCA25E436960025131D /* Debug */ = {
			isa = XCBuildConfiguration;
			buildSettings = {
				ALWAYS_SEARCH_USER_PATHS = NO;
				CLANG_ANALYZER_NONNULL = YES;
				CLANG_ANALYZER_NUMBER_OBJECT_CONVERSION = YES_AGGRESSIVE;
				CLANG_CXX_LANGUAGE_STANDARD = "gnu++14";
				CLANG_CXX_LIBRARY = "libc++";
				CLANG_ENABLE_MODULES = YES;
				CLANG_ENABLE_OBJC_ARC = YES;
				CLANG_ENABLE_OBJC_WEAK = YES;
				CLANG_WARN_BLOCK_CAPTURE_AUTORELEASING = YES;
				CLANG_WARN_BOOL_CONVERSION = YES;
				CLANG_WARN_COMMA = YES;
				CLANG_WARN_CONSTANT_CONVERSION = YES;
				CLANG_WARN_DEPRECATED_OBJC_IMPLEMENTATIONS = YES;
				CLANG_WARN_DIRECT_OBJC_ISA_USAGE = YES_ERROR;
				CLANG_WARN_DOCUMENTATION_COMMENTS = YES;
				CLANG_WARN_EMPTY_BODY = YES;
				CLANG_WARN_ENUM_CONVERSION = YES;
				CLANG_WARN_INFINITE_RECURSION = YES;
				CLANG_WARN_INT_CONVERSION = YES;
				CLANG_WARN_NON_LITERAL_NULL_CONVERSION = YES;
				CLANG_WARN_OBJC_IMPLICIT_RETAIN_SELF = YES;
				CLANG_WARN_OBJC_LITERAL_CONVERSION = YES;
				CLANG_WARN_OBJC_ROOT_CLASS = YES_ERROR;
				CLANG_WARN_QUOTED_INCLUDE_IN_FRAMEWORK_HEADER = YES;
				CLANG_WARN_RANGE_LOOP_ANALYSIS = YES;
				CLANG_WARN_STRICT_PROTOTYPES = YES;
				CLANG_WARN_SUSPICIOUS_MOVE = YES;
				CLANG_WARN_UNGUARDED_AVAILABILITY = YES_AGGRESSIVE;
				CLANG_WARN_UNREACHABLE_CODE = YES;
				CLANG_WARN__DUPLICATE_METHOD_MATCH = YES;
				COPY_PHASE_STRIP = NO;
				DEBUG_INFORMATION_FORMAT = dwarf;
				ENABLE_STRICT_OBJC_MSGSEND = YES;
				ENABLE_TESTABILITY = YES;
				GCC_C_LANGUAGE_STANDARD = gnu11;
				GCC_DYNAMIC_NO_PIC = NO;
				GCC_NO_COMMON_BLOCKS = YES;
				GCC_OPTIMIZATION_LEVEL = 0;
				GCC_PREPROCESSOR_DEFINITIONS = (
					"DEBUG=1",
					"$(inherited)",
				);
				GCC_WARN_64_TO_32_BIT_CONVERSION = YES;
				GCC_WARN_ABOUT_RETURN_TYPE = YES_ERROR;
				GCC_WARN_UNDECLARED_SELECTOR = YES;
				GCC_WARN_UNINITIALIZED_AUTOS = YES_AGGRESSIVE;
				GCC_WARN_UNUSED_FUNCTION = YES;
				GCC_WARN_UNUSED_VARIABLE = YES;
				MTL_ENABLE_DEBUG_INFO = INCLUDE_SOURCE;
				MTL_FAST_MATH = YES;
				ONLY_ACTIVE_ARCH = YES;
				SWIFT_ACTIVE_COMPILATION_CONDITIONS = DEBUG;
				SWIFT_OPTIMIZATION_LEVEL = "-Onone";
			};
			name = Debug;
		};
		E4B28DCB25E436960025131D /* Release */ = {
			isa = XCBuildConfiguration;
			buildSettings = {
				ALWAYS_SEARCH_USER_PATHS = NO;
				CLANG_ANALYZER_NONNULL = YES;
				CLANG_ANALYZER_NUMBER_OBJECT_CONVERSION = YES_AGGRESSIVE;
				CLANG_CXX_LANGUAGE_STANDARD = "gnu++14";
				CLANG_CXX_LIBRARY = "libc++";
				CLANG_ENABLE_MODULES = YES;
				CLANG_ENABLE_OBJC_ARC = YES;
				CLANG_ENABLE_OBJC_WEAK = YES;
				CLANG_WARN_BLOCK_CAPTURE_AUTORELEASING = YES;
				CLANG_WARN_BOOL_CONVERSION = YES;
				CLANG_WARN_COMMA = YES;
				CLANG_WARN_CONSTANT_CONVERSION = YES;
				CLANG_WARN_DEPRECATED_OBJC_IMPLEMENTATIONS = YES;
				CLANG_WARN_DIRECT_OBJC_ISA_USAGE = YES_ERROR;
				CLANG_WARN_DOCUMENTATION_COMMENTS = YES;
				CLANG_WARN_EMPTY_BODY = YES;
				CLANG_WARN_ENUM_CONVERSION = YES;
				CLANG_WARN_INFINITE_RECURSION = YES;
				CLANG_WARN_INT_CONVERSION = YES;
				CLANG_WARN_NON_LITERAL_NULL_CONVERSION = YES;
				CLANG_WARN_OBJC_IMPLICIT_RETAIN_SELF = YES;
				CLANG_WARN_OBJC_LITERAL_CONVERSION = YES;
				CLANG_WARN_OBJC_ROOT_CLASS = YES_ERROR;
				CLANG_WARN_QUOTED_INCLUDE_IN_FRAMEWORK_HEADER = YES;
				CLANG_WARN_RANGE_LOOP_ANALYSIS = YES;
				CLANG_WARN_STRICT_PROTOTYPES = YES;
				CLANG_WARN_SUSPICIOUS_MOVE = YES;
				CLANG_WARN_UNGUARDED_AVAILABILITY = YES_AGGRESSIVE;
				CLANG_WARN_UNREACHABLE_CODE = YES;
				CLANG_WARN__DUPLICATE_METHOD_MATCH = YES;
				COPY_PHASE_STRIP = NO;
				DEBUG_INFORMATION_FORMAT = "dwarf-with-dsym";
				ENABLE_NS_ASSERTIONS = NO;
				ENABLE_STRICT_OBJC_MSGSEND = YES;
				GCC_C_LANGUAGE_STANDARD = gnu11;
				GCC_NO_COMMON_BLOCKS = YES;
				GCC_WARN_64_TO_32_BIT_CONVERSION = YES;
				GCC_WARN_ABOUT_RETURN_TYPE = YES_ERROR;
				GCC_WARN_UNDECLARED_SELECTOR = YES;
				GCC_WARN_UNINITIALIZED_AUTOS = YES_AGGRESSIVE;
				GCC_WARN_UNUSED_FUNCTION = YES;
				GCC_WARN_UNUSED_VARIABLE = YES;
				MTL_ENABLE_DEBUG_INFO = NO;
				MTL_FAST_MATH = YES;
				SWIFT_COMPILATION_MODE = wholemodule;
				SWIFT_OPTIMIZATION_LEVEL = "-O";
			};
			name = Release;
		};
		E4B28DCD25E436960025131D /* Debug */ = {
			isa = XCBuildConfiguration;
			buildSettings = {
				ASSETCATALOG_COMPILER_APPICON_NAME = AppIcon;
				ASSETCATALOG_COMPILER_GLOBAL_ACCENT_COLOR_NAME = AccentColor;
				CODE_SIGN_STYLE = Automatic;
				DEVELOPMENT_TEAM = 9E3F9J4BLM;
				ENABLE_PREVIEWS = YES;
				INFOPLIST_FILE = iOS/Info.plist;
				IPHONEOS_DEPLOYMENT_TARGET = 14.0;
				LD_RUNPATH_SEARCH_PATHS = (
					"$(inherited)",
					"@executable_path/Frameworks",
				);
				PRODUCT_BUNDLE_IDENTIFIER = io.hamzaikine.Hydration;
				PRODUCT_NAME = Hydration;
				SDKROOT = iphoneos;
				SWIFT_VERSION = 5.0;
				TARGETED_DEVICE_FAMILY = "1,2";
			};
			name = Debug;
		};
		E4B28DCE25E436960025131D /* Release */ = {
			isa = XCBuildConfiguration;
			buildSettings = {
				ASSETCATALOG_COMPILER_APPICON_NAME = AppIcon;
				ASSETCATALOG_COMPILER_GLOBAL_ACCENT_COLOR_NAME = AccentColor;
				CODE_SIGN_STYLE = Automatic;
				DEVELOPMENT_TEAM = 9E3F9J4BLM;
				ENABLE_PREVIEWS = YES;
				INFOPLIST_FILE = iOS/Info.plist;
				IPHONEOS_DEPLOYMENT_TARGET = 14.0;
				LD_RUNPATH_SEARCH_PATHS = (
					"$(inherited)",
					"@executable_path/Frameworks",
				);
				PRODUCT_BUNDLE_IDENTIFIER = io.hamzaikine.Hydration;
				PRODUCT_NAME = Hydration;
				SDKROOT = iphoneos;
				SWIFT_VERSION = 5.0;
				TARGETED_DEVICE_FAMILY = "1,2";
				VALIDATE_PRODUCT = YES;
			};
			name = Release;
		};
		E4B28DD025E436960025131D /* Debug */ = {
			isa = XCBuildConfiguration;
			buildSettings = {
				ASSETCATALOG_COMPILER_APPICON_NAME = AppIcon;
				ASSETCATALOG_COMPILER_GLOBAL_ACCENT_COLOR_NAME = AccentColor;
				CODE_SIGN_ENTITLEMENTS = macOS/macOS.entitlements;
				CODE_SIGN_STYLE = Automatic;
				COMBINE_HIDPI_IMAGES = YES;
				DEVELOPMENT_TEAM = 9E3F9J4BLM;
				ENABLE_HARDENED_RUNTIME = YES;
				ENABLE_PREVIEWS = YES;
				INFOPLIST_FILE = macOS/Info.plist;
				LD_RUNPATH_SEARCH_PATHS = (
					"$(inherited)",
					"@executable_path/../Frameworks",
				);
				MACOSX_DEPLOYMENT_TARGET = 11.0;
				PRODUCT_BUNDLE_IDENTIFIER = io.hamzaikine.Hydration;
				PRODUCT_NAME = Hydration;
				SDKROOT = macosx;
				SWIFT_VERSION = 5.0;
			};
			name = Debug;
		};
		E4B28DD125E436960025131D /* Release */ = {
			isa = XCBuildConfiguration;
			buildSettings = {
				ASSETCATALOG_COMPILER_APPICON_NAME = AppIcon;
				ASSETCATALOG_COMPILER_GLOBAL_ACCENT_COLOR_NAME = AccentColor;
				CODE_SIGN_ENTITLEMENTS = macOS/macOS.entitlements;
				CODE_SIGN_STYLE = Automatic;
				COMBINE_HIDPI_IMAGES = YES;
				DEVELOPMENT_TEAM = 9E3F9J4BLM;
				ENABLE_HARDENED_RUNTIME = YES;
				ENABLE_PREVIEWS = YES;
				INFOPLIST_FILE = macOS/Info.plist;
				LD_RUNPATH_SEARCH_PATHS = (
					"$(inherited)",
					"@executable_path/../Frameworks",
				);
				MACOSX_DEPLOYMENT_TARGET = 11.0;
				PRODUCT_BUNDLE_IDENTIFIER = io.hamzaikine.Hydration;
				PRODUCT_NAME = Hydration;
				SDKROOT = macosx;
				SWIFT_VERSION = 5.0;
			};
			name = Release;
		};
/* End XCBuildConfiguration section */

/* Begin XCConfigurationList section */
		E4B28DAF25E436940025131D /* Build configuration list for PBXProject "Hydration" */ = {
			isa = XCConfigurationList;
			buildConfigurations = (
				E4B28DCA25E436960025131D /* Debug */,
				E4B28DCB25E436960025131D /* Release */,
			);
			defaultConfigurationIsVisible = 0;
			defaultConfigurationName = Release;
		};
		E4B28DCC25E436960025131D /* Build configuration list for PBXNativeTarget "Hydration (iOS)" */ = {
			isa = XCConfigurationList;
			buildConfigurations = (
				E4B28DCD25E436960025131D /* Debug */,
				E4B28DCE25E436960025131D /* Release */,
			);
			defaultConfigurationIsVisible = 0;
			defaultConfigurationName = Release;
		};
		E4B28DCF25E436960025131D /* Build configuration list for PBXNativeTarget "Hydration (macOS)" */ = {
			isa = XCConfigurationList;
			buildConfigurations = (
				E4B28DD025E436960025131D /* Debug */,
				E4B28DD125E436960025131D /* Release */,
			);
			defaultConfigurationIsVisible = 0;
			defaultConfigurationName = Release;
		};
/* End XCConfigurationList section */
	};
	rootObject = E4B28DAC25E436940025131D /* Project object */;
}
